
Microsoft Visual Studio Solution File, Format Version 12.00
# Visual Studio Version 17
VisualStudioVersion = 17.3.32929.385
MinimumVisualStudioVersion = 10.0.40219.1
Project("{FAE04EC0-301F-11D3-BF4B-00C04F79EFBC}") = "MUAYENE_TAKIP", "MUAYENE_TAKIP\MUAYENE_TAKIP.csproj", "{33996679-43D9-4B93-98A3-BAFD1606643B}"
EndProject
Global
	GlobalSection(SolutionConfigurationPlatforms) = preSolution
		Debug|Any CPU = Debug|Any CPU
		Release|Any CPU = Release|Any CPU
	EndGlobalSection
	GlobalSection(ProjectConfigurationPlatforms) = postSolution
		{33996679-43D9-4B93-98A3-BAFD1606643B}.Debug|Any CPU.ActiveCfg = Debug|Any CPU
		{33996679-43D9-4B93-98A3-BAFD1606643B}.Debug|Any CPU.Build.0 = Debug|Any CPU
		{33996679-43D9-4B93-98A3-BAFD1606643B}.Release|Any CPU.ActiveCfg = Release|Any CPU
		{33996679-43D9-4B93-98A3-BAFD1606643B}.Release|Any CPU.Build.0 = Release|Any CPU
	EndGlobalSection
	GlobalSection(SolutionProperties) = preSolution
		HideSolutionNode = FALSE
	EndGlobalSection
	GlobalSection(ExtensibilityGlobals) = postSolution
		SolutionGuid = {7BBC2A7B-D537-4110-99D5-68D0C056C48F}
	EndGlobalSection
EndGlobal
